
Microsoft Visual Studio Solution File, Format Version 12.00
# Visual Studio 14
VisualStudioVersion = 14.0.25420.1
MinimumVisualStudioVersion = 10.0.40219.1
Project("{FAE04EC0-301F-11D3-BF4B-00C04F79EFBC}") = "WhoHasMore", "WhoHasMore\WhoHasMore.csproj", "{AA0D7EFA-8096-4C3B-8605-FF2F02AC41EE}"
EndProject
Global
	GlobalSection(SolutionConfigurationPlatforms) = preSolution
		Debug|Any CPU = Debug|Any CPU
		Release|Any CPU = Release|Any CPU
	EndGlobalSection
	GlobalSection(ProjectConfigurationPlatforms) = postSolution
		{AA0D7EFA-8096-4C3B-8605-FF2F02AC41EE}.Debug|Any CPU.ActiveCfg = Debug|Any CPU
		{AA0D7EFA-8096-4C3B-8605-FF2F02AC41EE}.Debug|Any CPU.Build.0 = Debug|Any CPU
		{AA0D7EFA-8096-4C3B-8605-FF2F02AC41EE}.Release|Any CPU.ActiveCfg = Release|Any CPU
		{AA0D7EFA-8096-4C3B-8605-FF2F02AC41EE}.Release|Any CPU.Build.0 = Release|Any CPU
	EndGlobalSection
	GlobalSection(SolutionProperties) = preSolution
		HideSolutionNode = FALSE
	EndGlobalSection
EndGlobal
